
Microsoft Visual Studio Solution File, Format Version 12.00
# Visual Studio Version 16
VisualStudioVersion = 16.0.33027.164
MinimumVisualStudioVersion = 10.0.40219.1
Project("{FAE04EC0-301F-11D3-BF4B-00C04F79EFBC}") = "WpfBKStudio1", "WpfBKStudio1\WpfBKStudio1.csproj", "{F3C13FD9-9C77-4010-80F5-75401084623B}"
EndProject
Global
	GlobalSection(SolutionConfigurationPlatforms) = preSolution
		Debug|Any CPU = Debug|Any CPU
		Release|Any CPU = Release|Any CPU
	EndGlobalSection
	GlobalSection(ProjectConfigurationPlatforms) = postSolution
		{F3C13FD9-9C77-4010-80F5-75401084623B}.Debug|Any CPU.ActiveCfg = Debug|Any CPU
		{F3C13FD9-9C77-4010-80F5-75401084623B}.Debug|Any CPU.Build.0 = Debug|Any CPU
		{F3C13FD9-9C77-4010-80F5-75401084623B}.Release|Any CPU.ActiveCfg = Release|Any CPU
		{F3C13FD9-9C77-4010-80F5-75401084623B}.Release|Any CPU.Build.0 = Release|Any CPU
	EndGlobalSection
	GlobalSection(SolutionProperties) = preSolution
		HideSolutionNode = FALSE
	EndGlobalSection
	GlobalSection(ExtensibilityGlobals) = postSolution
		SolutionGuid = {94CAC39B-B5EC-4A24-A660-CB691F617739}
	EndGlobalSection
EndGlobal
